// !$*UTF8*$!
{
	archiveVersion = 1;
	classes = {
	};
	objectVersion = 56;
	objects = {

/* Begin PBXBuildFile section */
		865025AC29C179D100E11895 /* Persistence.swift in Sources */ = {isa = PBXBuildFile; fileRef = 865025AB29C179D100E11895 /* Persistence.swift */; };
		865025AE29C183BD00E11895 /* BotFormView.swift in Sources */ = {isa = PBXBuildFile; fileRef = 865025AD29C183BD00E11895 /* BotFormView.swift */; };
		867F35DC29C9791700339C95 /* BotFormViewModel.swift in Sources */ = {isa = PBXBuildFile; fileRef = 867F35DB29C9791700339C95 /* BotFormViewModel.swift */; };
		867F35DD29C9791700339C95 /* BotFormViewModel.swift in Sources */ = {isa = PBXBuildFile; fileRef = 867F35DB29C9791700339C95 /* BotFormViewModel.swift */; };
		86944FB929B989A100201F2E /* BothausApp.swift in Sources */ = {isa = PBXBuildFile; fileRef = 86944FB829B989A100201F2E /* BothausApp.swift */; };
		86944FBB29B989A100201F2E /* ContentView.swift in Sources */ = {isa = PBXBuildFile; fileRef = 86944FBA29B989A100201F2E /* ContentView.swift */; };
		86944FBD29B989A200201F2E /* Assets.xcassets in Resources */ = {isa = PBXBuildFile; fileRef = 86944FBC29B989A200201F2E /* Assets.xcassets */; };
		86944FC029B989A200201F2E /* Preview Assets.xcassets in Resources */ = {isa = PBXBuildFile; fileRef = 86944FBF29B989A200201F2E /* Preview Assets.xcassets */; };
		86944FCA29B989A200201F2E /* BothausTests.swift in Sources */ = {isa = PBXBuildFile; fileRef = 86944FC929B989A200201F2E /* BothausTests.swift */; };
		86944FD429B989A200201F2E /* BothausUITests.swift in Sources */ = {isa = PBXBuildFile; fileRef = 86944FD329B989A200201F2E /* BothausUITests.swift */; };
		86944FD629B989A200201F2E /* BothausUITestsLaunchTests.swift in Sources */ = {isa = PBXBuildFile; fileRef = 86944FD529B989A200201F2E /* BothausUITestsLaunchTests.swift */; };
		86944FE729B98A3200201F2E /* Secrets.plist in Resources */ = {isa = PBXBuildFile; fileRef = 86944FE629B98A3200201F2E /* Secrets.plist */; };
		86944FE829B98A3200201F2E /* Secrets.plist in Resources */ = {isa = PBXBuildFile; fileRef = 86944FE629B98A3200201F2E /* Secrets.plist */; };
		86944FE929B98A3200201F2E /* Secrets.plist in Resources */ = {isa = PBXBuildFile; fileRef = 86944FE629B98A3200201F2E /* Secrets.plist */; };
		86944FEE29B995F600201F2E /* SpeechRecognizer.swift in Sources */ = {isa = PBXBuildFile; fileRef = 86944FED29B995F600201F2E /* SpeechRecognizer.swift */; };
		86944FEF29B995F600201F2E /* SpeechRecognizer.swift in Sources */ = {isa = PBXBuildFile; fileRef = 86944FED29B995F600201F2E /* SpeechRecognizer.swift */; };
		86944FF029B995F600201F2E /* SpeechRecognizer.swift in Sources */ = {isa = PBXBuildFile; fileRef = 86944FED29B995F600201F2E /* SpeechRecognizer.swift */; };
		86944FF229B9962900201F2E /* OpenAIAPIClient.swift in Sources */ = {isa = PBXBuildFile; fileRef = 86944FF129B9962900201F2E /* OpenAIAPIClient.swift */; };
		86944FF329B9962A00201F2E /* OpenAIAPIClient.swift in Sources */ = {isa = PBXBuildFile; fileRef = 86944FF129B9962900201F2E /* OpenAIAPIClient.swift */; };
		86944FF429B9962A00201F2E /* OpenAIAPIClient.swift in Sources */ = {isa = PBXBuildFile; fileRef = 86944FF129B9962900201F2E /* OpenAIAPIClient.swift */; };
		86944FF629B9967900201F2E /* TextToSpeech.swift in Sources */ = {isa = PBXBuildFile; fileRef = 86944FF529B9967900201F2E /* TextToSpeech.swift */; };
		86944FF729B9967900201F2E /* TextToSpeech.swift in Sources */ = {isa = PBXBuildFile; fileRef = 86944FF529B9967900201F2E /* TextToSpeech.swift */; };
		86944FF829B9967900201F2E /* TextToSpeech.swift in Sources */ = {isa = PBXBuildFile; fileRef = 86944FF529B9967900201F2E /* TextToSpeech.swift */; };
		86944FFA29B996CF00201F2E /* TalkModel.swift in Sources */ = {isa = PBXBuildFile; fileRef = 86944FF929B996CF00201F2E /* TalkModel.swift */; };
		86944FFB29B996CF00201F2E /* TalkModel.swift in Sources */ = {isa = PBXBuildFile; fileRef = 86944FF929B996CF00201F2E /* TalkModel.swift */; };
		86944FFC29B996CF00201F2E /* TalkModel.swift in Sources */ = {isa = PBXBuildFile; fileRef = 86944FF929B996CF00201F2E /* TalkModel.swift */; };
		86944FFF29B9D8A700201F2E /* SpeechDelegate.swift in Sources */ = {isa = PBXBuildFile; fileRef = 86944FFE29B9D8A700201F2E /* SpeechDelegate.swift */; };
		8694500029B9D8A700201F2E /* SpeechDelegate.swift in Sources */ = {isa = PBXBuildFile; fileRef = 86944FFE29B9D8A700201F2E /* SpeechDelegate.swift */; };
		8694500129B9D8A700201F2E /* SpeechDelegate.swift in Sources */ = {isa = PBXBuildFile; fileRef = 86944FFE29B9D8A700201F2E /* SpeechDelegate.swift */; };
		8694500329B9DAD100201F2E /* ChatButton.swift in Sources */ = {isa = PBXBuildFile; fileRef = 8694500229B9DAD100201F2E /* ChatButton.swift */; };
		8694500829BA088600201F2E /* ChatView.swift in Sources */ = {isa = PBXBuildFile; fileRef = 8694500729BA088600201F2E /* ChatView.swift */; };
		8694500929BA088600201F2E /* ChatView.swift in Sources */ = {isa = PBXBuildFile; fileRef = 8694500729BA088600201F2E /* ChatView.swift */; };
		8694500A29BA088600201F2E /* ChatView.swift in Sources */ = {isa = PBXBuildFile; fileRef = 8694500729BA088600201F2E /* ChatView.swift */; };
		8694500C29BA09AB00201F2E /* MessageView.swift in Sources */ = {isa = PBXBuildFile; fileRef = 8694500B29BA09AB00201F2E /* MessageView.swift */; };
		8694500D29BA09AB00201F2E /* MessageView.swift in Sources */ = {isa = PBXBuildFile; fileRef = 8694500B29BA09AB00201F2E /* MessageView.swift */; };
		8694500E29BA09AB00201F2E /* MessageView.swift in Sources */ = {isa = PBXBuildFile; fileRef = 8694500B29BA09AB00201F2E /* MessageView.swift */; };
		86BDFE242A12709A00D8584C /* GoogleService-Info.plist in Resources */ = {isa = PBXBuildFile; fileRef = 86BDFE232A12709A00D8584C /* GoogleService-Info.plist */; };
		86BDFE272A1270DA00D8584C /* FirebaseAnalytics in Frameworks */ = {isa = PBXBuildFile; productRef = 86BDFE262A1270DA00D8584C /* FirebaseAnalytics */; };
		86BDFE292A1270DA00D8584C /* FirebaseAnalyticsSwift in Frameworks */ = {isa = PBXBuildFile; productRef = 86BDFE282A1270DA00D8584C /* FirebaseAnalyticsSwift */; };
		86BDFE2B2A1270DA00D8584C /* FirebaseCrashlytics in Frameworks */ = {isa = PBXBuildFile; productRef = 86BDFE2A2A1270DA00D8584C /* FirebaseCrashlytics */; };
		86BDFE2D2A1270DA00D8584C /* FirebasePerformance in Frameworks */ = {isa = PBXBuildFile; productRef = 86BDFE2C2A1270DA00D8584C /* FirebasePerformance */; };
		86BEDC7829C2BD4300D34E9C /* Bot+Examples.swift in Sources */ = {isa = PBXBuildFile; fileRef = 86BEDC7729C2BD4300D34E9C /* Bot+Examples.swift */; };
		86C485E629C0C57E00D59DC9 /* TalkInterface.swift in Sources */ = {isa = PBXBuildFile; fileRef = 86C485E529C0C57E00D59DC9 /* TalkInterface.swift */; };
		86C485E729C0C57E00D59DC9 /* TalkInterface.swift in Sources */ = {isa = PBXBuildFile; fileRef = 86C485E529C0C57E00D59DC9 /* TalkInterface.swift */; };
		86DB0BBB2A21AFF500289A4C /* OpenAIService.swift in Sources */ = {isa = PBXBuildFile; fileRef = 86DB0BBA2A21AFF500289A4C /* OpenAIService.swift */; };
		86DB0BBD2A21B09400289A4C /* SecretsHelper.swift in Sources */ = {isa = PBXBuildFile; fileRef = 86DB0BBC2A21B09400289A4C /* SecretsHelper.swift */; };
		86DB0BC02A21B2DA00289A4C /* Alamofire in Frameworks */ = {isa = PBXBuildFile; productRef = 86DB0BBF2A21B2DA00289A4C /* Alamofire */; };
		86E80D7E29BD68C300C2BEBA /* Bothaus.xcdatamodeld in Sources */ = {isa = PBXBuildFile; fileRef = 86E80D7C29BD68C300C2BEBA /* Bothaus.xcdatamodeld */; };
		86E80D7F29BD68C300C2BEBA /* Bothaus.xcdatamodeld in Sources */ = {isa = PBXBuildFile; fileRef = 86E80D7C29BD68C300C2BEBA /* Bothaus.xcdatamodeld */; };
/* End PBXBuildFile section */

/* Begin PBXContainerItemProxy section */
		86944FC629B989A200201F2E /* PBXContainerItemProxy */ = {
			isa = PBXContainerItemProxy;
			containerPortal = 86944FAD29B989A100201F2E /* Project object */;
			proxyType = 1;
			remoteGlobalIDString = 86944FB429B989A100201F2E;
			remoteInfo = Bothaus;
		};
		86944FD029B989A200201F2E /* PBXContainerItemProxy */ = {
			isa = PBXContainerItemProxy;
			containerPortal = 86944FAD29B989A100201F2E /* Project object */;
			proxyType = 1;
			remoteGlobalIDString = 86944FB429B989A100201F2E;
			remoteInfo = Bothaus;
		};
/* End PBXContainerItemProxy section */

/* Begin PBXFileReference section */
		865025AB29C179D100E11895 /* Persistence.swift */ = {isa = PBXFileReference; fileEncoding = 4; lastKnownFileType = sourcecode.swift; path = Persistence.swift; sourceTree = "<group>"; };
		865025AD29C183BD00E11895 /* BotFormView.swift */ = {isa = PBXFileReference; lastKnownFileType = sourcecode.swift; path = BotFormView.swift; sourceTree = "<group>"; };
		867B9E4829C4AF350076AC8E /* Bothaus 2.xcdatamodel */ = {isa = PBXFileReference; lastKnownFileType = wrapper.xcdatamodel; path = "Bothaus 2.xcdatamodel"; sourceTree = "<group>"; };
		867F35DB29C9791700339C95 /* BotFormViewModel.swift */ = {isa = PBXFileReference; lastKnownFileType = sourcecode.swift; path = BotFormViewModel.swift; sourceTree = "<group>"; };
		86944FB529B989A100201F2E /* Bothaus.app */ = {isa = PBXFileReference; explicitFileType = wrapper.application; includeInIndex = 0; path = Bothaus.app; sourceTree = BUILT_PRODUCTS_DIR; };
		86944FB829B989A100201F2E /* BothausApp.swift */ = {isa = PBXFileReference; lastKnownFileType = sourcecode.swift; path = BothausApp.swift; sourceTree = "<group>"; };
		86944FBA29B989A100201F2E /* ContentView.swift */ = {isa = PBXFileReference; lastKnownFileType = sourcecode.swift; path = ContentView.swift; sourceTree = "<group>"; };
		86944FBC29B989A200201F2E /* Assets.xcassets */ = {isa = PBXFileReference; lastKnownFileType = folder.assetcatalog; path = Assets.xcassets; sourceTree = "<group>"; };
		86944FBF29B989A200201F2E /* Preview Assets.xcassets */ = {isa = PBXFileReference; lastKnownFileType = folder.assetcatalog; path = "Preview Assets.xcassets"; sourceTree = "<group>"; };
		86944FC529B989A200201F2E /* BothausTests.xctest */ = {isa = PBXFileReference; explicitFileType = wrapper.cfbundle; includeInIndex = 0; path = BothausTests.xctest; sourceTree = BUILT_PRODUCTS_DIR; };
		86944FC929B989A200201F2E /* BothausTests.swift */ = {isa = PBXFileReference; lastKnownFileType = sourcecode.swift; path = BothausTests.swift; sourceTree = "<group>"; };
		86944FCF29B989A200201F2E /* BothausUITests.xctest */ = {isa = PBXFileReference; explicitFileType = wrapper.cfbundle; includeInIndex = 0; path = BothausUITests.xctest; sourceTree = BUILT_PRODUCTS_DIR; };
		86944FD329B989A200201F2E /* BothausUITests.swift */ = {isa = PBXFileReference; lastKnownFileType = sourcecode.swift; path = BothausUITests.swift; sourceTree = "<group>"; };
		86944FD529B989A200201F2E /* BothausUITestsLaunchTests.swift */ = {isa = PBXFileReference; lastKnownFileType = sourcecode.swift; path = BothausUITestsLaunchTests.swift; sourceTree = "<group>"; };
		86944FE629B98A3200201F2E /* Secrets.plist */ = {isa = PBXFileReference; lastKnownFileType = text.plist; name = Secrets.plist; path = Bothaus/Secrets.plist; sourceTree = SOURCE_ROOT; };
		86944FED29B995F600201F2E /* SpeechRecognizer.swift */ = {isa = PBXFileReference; lastKnownFileType = sourcecode.swift; path = SpeechRecognizer.swift; sourceTree = "<group>"; };
		86944FF129B9962900201F2E /* OpenAIAPIClient.swift */ = {isa = PBXFileReference; lastKnownFileType = sourcecode.swift; path = OpenAIAPIClient.swift; sourceTree = "<group>"; };
		86944FF529B9967900201F2E /* TextToSpeech.swift */ = {isa = PBXFileReference; lastKnownFileType = sourcecode.swift; path = TextToSpeech.swift; sourceTree = "<group>"; };
		86944FF929B996CF00201F2E /* TalkModel.swift */ = {isa = PBXFileReference; lastKnownFileType = sourcecode.swift; path = TalkModel.swift; sourceTree = "<group>"; };
		86944FFE29B9D8A700201F2E /* SpeechDelegate.swift */ = {isa = PBXFileReference; lastKnownFileType = sourcecode.swift; path = SpeechDelegate.swift; sourceTree = "<group>"; };
		8694500229B9DAD100201F2E /* ChatButton.swift */ = {isa = PBXFileReference; lastKnownFileType = sourcecode.swift; path = ChatButton.swift; sourceTree = "<group>"; };
		8694500729BA088600201F2E /* ChatView.swift */ = {isa = PBXFileReference; lastKnownFileType = sourcecode.swift; path = ChatView.swift; sourceTree = "<group>"; };
		8694500B29BA09AB00201F2E /* MessageView.swift */ = {isa = PBXFileReference; lastKnownFileType = sourcecode.swift; path = MessageView.swift; sourceTree = "<group>"; };
		86BDFE232A12709A00D8584C /* GoogleService-Info.plist */ = {isa = PBXFileReference; fileEncoding = 4; lastKnownFileType = text.plist.xml; path = "GoogleService-Info.plist"; sourceTree = "<group>"; };
		86BEDC7729C2BD4300D34E9C /* Bot+Examples.swift */ = {isa = PBXFileReference; lastKnownFileType = sourcecode.swift; path = "Bot+Examples.swift"; sourceTree = "<group>"; };
		86C485E529C0C57E00D59DC9 /* TalkInterface.swift */ = {isa = PBXFileReference; lastKnownFileType = sourcecode.swift; path = TalkInterface.swift; sourceTree = "<group>"; };
		86DB0BBA2A21AFF500289A4C /* OpenAIService.swift */ = {isa = PBXFileReference; fileEncoding = 4; lastKnownFileType = sourcecode.swift; path = OpenAIService.swift; sourceTree = "<group>"; };
		86DB0BBC2A21B09400289A4C /* SecretsHelper.swift */ = {isa = PBXFileReference; fileEncoding = 4; lastKnownFileType = sourcecode.swift; path = SecretsHelper.swift; sourceTree = "<group>"; };
		86E80D7D29BD68C300C2BEBA /* Bothaus.xcdatamodel */ = {isa = PBXFileReference; lastKnownFileType = wrapper.xcdatamodel; path = Bothaus.xcdatamodel; sourceTree = "<group>"; };
		86EC715829CA964000C21802 /* Info.plist */ = {isa = PBXFileReference; lastKnownFileType = text.plist; path = Info.plist; sourceTree = "<group>"; };
/* End PBXFileReference section */

/* Begin PBXFrameworksBuildPhase section */
		86944FB229B989A100201F2E /* Frameworks */ = {
			isa = PBXFrameworksBuildPhase;
			buildActionMask = 2147483647;
			files = (
				86DB0BC02A21B2DA00289A4C /* Alamofire in Frameworks */,
				86BDFE292A1270DA00D8584C /* FirebaseAnalyticsSwift in Frameworks */,
				86BDFE2B2A1270DA00D8584C /* FirebaseCrashlytics in Frameworks */,
				86BDFE2D2A1270DA00D8584C /* FirebasePerformance in Frameworks */,
				86BDFE272A1270DA00D8584C /* FirebaseAnalytics in Frameworks */,
			);
			runOnlyForDeploymentPostprocessing = 0;
		};
		86944FC229B989A200201F2E /* Frameworks */ = {
			isa = PBXFrameworksBuildPhase;
			buildActionMask = 2147483647;
			files = (
			);
			runOnlyForDeploymentPostprocessing = 0;
		};
		86944FCC29B989A200201F2E /* Frameworks */ = {
			isa = PBXFrameworksBuildPhase;
			buildActionMask = 2147483647;
			files = (
			);
			runOnlyForDeploymentPostprocessing = 0;
		};
/* End PBXFrameworksBuildPhase section */

/* Begin PBXGroup section */
		86944FAC29B989A100201F2E = {
			isa = PBXGroup;
			children = (
				86944FB729B989A100201F2E /* Bothaus */,
				86944FC829B989A200201F2E /* BothausTests */,
				86944FD229B989A200201F2E /* BothausUITests */,
				86944FB629B989A100201F2E /* Products */,
			);
			sourceTree = "<group>";
		};
		86944FB629B989A100201F2E /* Products */ = {
			isa = PBXGroup;
			children = (
				86944FB529B989A100201F2E /* Bothaus.app */,
				86944FC529B989A200201F2E /* BothausTests.xctest */,
				86944FCF29B989A200201F2E /* BothausUITests.xctest */,
			);
			name = Products;
			sourceTree = "<group>";
		};
		86944FB729B989A100201F2E /* Bothaus */ = {
			isa = PBXGroup;
			children = (
				86944FB829B989A100201F2E /* BothausApp.swift */,
				86944FFD29B9CE8900201F2E /* Models */,
				8694500629BA086300201F2E /* Views */,
				86E80D7C29BD68C300C2BEBA /* Bothaus.xcdatamodeld */,
				86944FBC29B989A200201F2E /* Assets.xcassets */,
				86944FE629B98A3200201F2E /* Secrets.plist */,
				86EC715829CA964000C21802 /* Info.plist */,
				86BDFE232A12709A00D8584C /* GoogleService-Info.plist */,
				86944FBE29B989A200201F2E /* Preview Content */,
			);
			path = Bothaus;
			sourceTree = "<group>";
		};
		86944FBE29B989A200201F2E /* Preview Content */ = {
			isa = PBXGroup;
			children = (
				86944FBF29B989A200201F2E /* Preview Assets.xcassets */,
			);
			path = "Preview Content";
			sourceTree = "<group>";
		};
		86944FC829B989A200201F2E /* BothausTests */ = {
			isa = PBXGroup;
			children = (
				86944FC929B989A200201F2E /* BothausTests.swift */,
			);
			path = BothausTests;
			sourceTree = "<group>";
		};
		86944FD229B989A200201F2E /* BothausUITests */ = {
			isa = PBXGroup;
			children = (
				86944FD329B989A200201F2E /* BothausUITests.swift */,
				86944FD529B989A200201F2E /* BothausUITestsLaunchTests.swift */,
			);
			path = BothausUITests;
			sourceTree = "<group>";
		};
		86944FFD29B9CE8900201F2E /* Models */ = {
			isa = PBXGroup;
			children = (
				86944FF929B996CF00201F2E /* TalkModel.swift */,
				86DB0BBC2A21B09400289A4C /* SecretsHelper.swift */,
				86944FED29B995F600201F2E /* SpeechRecognizer.swift */,
				86DB0BBA2A21AFF500289A4C /* OpenAIService.swift */,
				86944FF129B9962900201F2E /* OpenAIAPIClient.swift */,
				86944FF529B9967900201F2E /* TextToSpeech.swift */,
				86944FFE29B9D8A700201F2E /* SpeechDelegate.swift */,
				865025AB29C179D100E11895 /* Persistence.swift */,
				86BEDC7729C2BD4300D34E9C /* Bot+Examples.swift */,
				867F35DB29C9791700339C95 /* BotFormViewModel.swift */,
			);
			path = Models;
			sourceTree = "<group>";
		};
		8694500629BA086300201F2E /* Views */ = {
			isa = PBXGroup;
			children = (
				86944FBA29B989A100201F2E /* ContentView.swift */,
				86C485E529C0C57E00D59DC9 /* TalkInterface.swift */,
				8694500729BA088600201F2E /* ChatView.swift */,
				8694500B29BA09AB00201F2E /* MessageView.swift */,
				8694500229B9DAD100201F2E /* ChatButton.swift */,
				865025AD29C183BD00E11895 /* BotFormView.swift */,
			);
			path = Views;
			sourceTree = "<group>";
		};
/* End PBXGroup section */

/* Begin PBXNativeTarget section */
		86944FB429B989A100201F2E /* Bothaus */ = {
			isa = PBXNativeTarget;
			buildConfigurationList = 86944FD929B989A200201F2E /* Build configuration list for PBXNativeTarget "Bothaus" */;
			buildPhases = (
				86944FB129B989A100201F2E /* Sources */,
				86944FB229B989A100201F2E /* Frameworks */,
				86944FB329B989A100201F2E /* Resources */,
			);
			buildRules = (
			);
			dependencies = (
			);
			name = Bothaus;
			packageProductDependencies = (
				86BDFE262A1270DA00D8584C /* FirebaseAnalytics */,
				86BDFE282A1270DA00D8584C /* FirebaseAnalyticsSwift */,
				86BDFE2A2A1270DA00D8584C /* FirebaseCrashlytics */,
				86BDFE2C2A1270DA00D8584C /* FirebasePerformance */,
				86DB0BBF2A21B2DA00289A4C /* Alamofire */,
			);
			productName = Bothaus;
			productReference = 86944FB529B989A100201F2E /* Bothaus.app */;
			productType = "com.apple.product-type.application";
		};
		86944FC429B989A200201F2E /* BothausTests */ = {
			isa = PBXNativeTarget;
			buildConfigurationList = 86944FDC29B989A200201F2E /* Build configuration list for PBXNativeTarget "BothausTests" */;
			buildPhases = (
				86944FC129B989A200201F2E /* Sources */,
				86944FC229B989A200201F2E /* Frameworks */,
				86944FC329B989A200201F2E /* Resources */,
			);
			buildRules = (
			);
			dependencies = (
				86944FC729B989A200201F2E /* PBXTargetDependency */,
			);
			name = BothausTests;
			productName = BothausTests;
			productReference = 86944FC529B989A200201F2E /* BothausTests.xctest */;
			productType = "com.apple.product-type.bundle.unit-test";
		};
		86944FCE29B989A200201F2E /* BothausUITests */ = {
			isa = PBXNativeTarget;
			buildConfigurationList = 86944FDF29B989A200201F2E /* Build configuration list for PBXNativeTarget "BothausUITests" */;
			buildPhases = (
				86944FCB29B989A200201F2E /* Sources */,
				86944FCC29B989A200201F2E /* Frameworks */,
				86944FCD29B989A200201F2E /* Resources */,
			);
			buildRules = (
			);
			dependencies = (
				86944FD129B989A200201F2E /* PBXTargetDependency */,
			);
			name = BothausUITests;
			productName = BothausUITests;
			productReference = 86944FCF29B989A200201F2E /* BothausUITests.xctest */;
			productType = "com.apple.product-type.bundle.ui-testing";
		};
/* End PBXNativeTarget section */

/* Begin PBXProject section */
		86944FAD29B989A100201F2E /* Project object */ = {
			isa = PBXProject;
			attributes = {
				BuildIndependentTargetsInParallel = 1;
				LastSwiftUpdateCheck = 1420;
				LastUpgradeCheck = 1420;
				TargetAttributes = {
					86944FB429B989A100201F2E = {
						CreatedOnToolsVersion = 14.2;
					};
					86944FC429B989A200201F2E = {
						CreatedOnToolsVersion = 14.2;
						TestTargetID = 86944FB429B989A100201F2E;
					};
					86944FCE29B989A200201F2E = {
						CreatedOnToolsVersion = 14.2;
						TestTargetID = 86944FB429B989A100201F2E;
					};
				};
			};
			buildConfigurationList = 86944FB029B989A100201F2E /* Build configuration list for PBXProject "Bothaus" */;
			compatibilityVersion = "Xcode 14.0";
			developmentRegion = en;
			hasScannedForEncodings = 0;
			knownRegions = (
				en,
				Base,
			);
			mainGroup = 86944FAC29B989A100201F2E;
			packageReferences = (
				86BDFE252A1270DA00D8584C /* XCRemoteSwiftPackageReference "firebase-ios-sdk" */,
				86DB0BBE2A21B2DA00289A4C /* XCRemoteSwiftPackageReference "Alamofire" */,
			);
			productRefGroup = 86944FB629B989A100201F2E /* Products */;
			projectDirPath = "";
			projectRoot = "";
			targets = (
				86944FB429B989A100201F2E /* Bothaus */,
				86944FC429B989A200201F2E /* BothausTests */,
				86944FCE29B989A200201F2E /* BothausUITests */,
			);
		};
/* End PBXProject section */

/* Begin PBXResourcesBuildPhase section */
		86944FB329B989A100201F2E /* Resources */ = {
			isa = PBXResourcesBuildPhase;
			buildActionMask = 2147483647;
			files = (
				86944FC029B989A200201F2E /* Preview Assets.xcassets in Resources */,
				86BDFE242A12709A00D8584C /* GoogleService-Info.plist in Resources */,
				86944FE729B98A3200201F2E /* Secrets.plist in Resources */,
				86944FBD29B989A200201F2E /* Assets.xcassets in Resources */,
			);
			runOnlyForDeploymentPostprocessing = 0;
		};
		86944FC329B989A200201F2E /* Resources */ = {
			isa = PBXResourcesBuildPhase;
			buildActionMask = 2147483647;
			files = (
				86944FE829B98A3200201F2E /* Secrets.plist in Resources */,
			);
			runOnlyForDeploymentPostprocessing = 0;
		};
		86944FCD29B989A200201F2E /* Resources */ = {
			isa = PBXResourcesBuildPhase;
			buildActionMask = 2147483647;
			files = (
				86944FE929B98A3200201F2E /* Secrets.plist in Resources */,
			);
			runOnlyForDeploymentPostprocessing = 0;
		};
/* End PBXResourcesBuildPhase section */

/* Begin PBXSourcesBuildPhase section */
		86944FB129B989A100201F2E /* Sources */ = {
			isa = PBXSourcesBuildPhase;
			buildActionMask = 2147483647;
			files = (
				86944FFF29B9D8A700201F2E /* SpeechDelegate.swift in Sources */,
				86DB0BBB2A21AFF500289A4C /* OpenAIService.swift in Sources */,
				86E80D7E29BD68C300C2BEBA /* Bothaus.xcdatamodeld in Sources */,
				86944FFA29B996CF00201F2E /* TalkModel.swift in Sources */,
				86944FF229B9962900201F2E /* OpenAIAPIClient.swift in Sources */,
				86944FF629B9967900201F2E /* TextToSpeech.swift in Sources */,
				8694500C29BA09AB00201F2E /* MessageView.swift in Sources */,
				867F35DC29C9791700339C95 /* BotFormViewModel.swift in Sources */,
				8694500829BA088600201F2E /* ChatView.swift in Sources */,
				865025AC29C179D100E11895 /* Persistence.swift in Sources */,
				86944FBB29B989A100201F2E /* ContentView.swift in Sources */,
				86C485E629C0C57E00D59DC9 /* TalkInterface.swift in Sources */,
				86BEDC7829C2BD4300D34E9C /* Bot+Examples.swift in Sources */,
				86DB0BBD2A21B09400289A4C /* SecretsHelper.swift in Sources */,
				865025AE29C183BD00E11895 /* BotFormView.swift in Sources */,
				86944FEE29B995F600201F2E /* SpeechRecognizer.swift in Sources */,
				86944FB929B989A100201F2E /* BothausApp.swift in Sources */,
				8694500329B9DAD100201F2E /* ChatButton.swift in Sources */,
			);
			runOnlyForDeploymentPostprocessing = 0;
		};
		86944FC129B989A200201F2E /* Sources */ = {
			isa = PBXSourcesBuildPhase;
			buildActionMask = 2147483647;
			files = (
				8694500029B9D8A700201F2E /* SpeechDelegate.swift in Sources */,
				86944FF329B9962A00201F2E /* OpenAIAPIClient.swift in Sources */,
				86944FFB29B996CF00201F2E /* TalkModel.swift in Sources */,
				86944FF729B9967900201F2E /* TextToSpeech.swift in Sources */,
				867F35DD29C9791700339C95 /* BotFormViewModel.swift in Sources */,
				8694500D29BA09AB00201F2E /* MessageView.swift in Sources */,
				8694500929BA088600201F2E /* ChatView.swift in Sources */,
				86944FCA29B989A200201F2E /* BothausTests.swift in Sources */,
				86E80D7F29BD68C300C2BEBA /* Bothaus.xcdatamodeld in Sources */,
				86944FEF29B995F600201F2E /* SpeechRecognizer.swift in Sources */,
			);
			runOnlyForDeploymentPostprocessing = 0;
		};
		86944FCB29B989A200201F2E /* Sources */ = {
			isa = PBXSourcesBuildPhase;
			buildActionMask = 2147483647;
			files = (
				8694500129B9D8A700201F2E /* SpeechDelegate.swift in Sources */,
				86944FFC29B996CF00201F2E /* TalkModel.swift in Sources */,
				86944FF429B9962A00201F2E /* OpenAIAPIClient.swift in Sources */,
				8694500E29BA09AB00201F2E /* MessageView.swift in Sources */,
				86944FF829B9967900201F2E /* TextToSpeech.swift in Sources */,
				8694500A29BA088600201F2E /* ChatView.swift in Sources */,
				86944FD429B989A200201F2E /* BothausUITests.swift in Sources */,
				86944FF029B995F600201F2E /* SpeechRecognizer.swift in Sources */,
				86C485E729C0C57E00D59DC9 /* TalkInterface.swift in Sources */,
				86944FD629B989A200201F2E /* BothausUITestsLaunchTests.swift in Sources */,
			);
			runOnlyForDeploymentPostprocessing = 0;
		};
/* End PBXSourcesBuildPhase section */

/* Begin PBXTargetDependency section */
		86944FC729B989A200201F2E /* PBXTargetDependency */ = {
			isa = PBXTargetDependency;
			target = 86944FB429B989A100201F2E /* Bothaus */;
			targetProxy = 86944FC629B989A200201F2E /* PBXContainerItemProxy */;
		};
		86944FD129B989A200201F2E /* PBXTargetDependency */ = {
			isa = PBXTargetDependency;
			target = 86944FB429B989A100201F2E /* Bothaus */;
			targetProxy = 86944FD029B989A200201F2E /* PBXContainerItemProxy */;
		};
/* End PBXTargetDependency section */

/* Begin XCBuildConfiguration section */
		86944FD729B989A200201F2E /* Debug */ = {
			isa = XCBuildConfiguration;
			buildSettings = {
				ALWAYS_SEARCH_USER_PATHS = NO;
				CLANG_ANALYZER_NONNULL = YES;
				CLANG_ANALYZER_NUMBER_OBJECT_CONVERSION = YES_AGGRESSIVE;
				CLANG_CXX_LANGUAGE_STANDARD = "gnu++20";
				CLANG_ENABLE_MODULES = YES;
				CLANG_ENABLE_OBJC_ARC = YES;
				CLANG_ENABLE_OBJC_WEAK = YES;
				CLANG_WARN_BLOCK_CAPTURE_AUTORELEASING = YES;
				CLANG_WARN_BOOL_CONVERSION = YES;
				CLANG_WARN_COMMA = YES;
				CLANG_WARN_CONSTANT_CONVERSION = YES;
				CLANG_WARN_DEPRECATED_OBJC_IMPLEMENTATIONS = YES;
				CLANG_WARN_DIRECT_OBJC_ISA_USAGE = YES_ERROR;
				CLANG_WARN_DOCUMENTATION_COMMENTS = YES;
				CLANG_WARN_EMPTY_BODY = YES;
				CLANG_WARN_ENUM_CONVERSION = YES;
				CLANG_WARN_INFINITE_RECURSION = YES;
				CLANG_WARN_INT_CONVERSION = YES;
				CLANG_WARN_NON_LITERAL_NULL_CONVERSION = YES;
				CLANG_WARN_OBJC_IMPLICIT_RETAIN_SELF = YES;
				CLANG_WARN_OBJC_LITERAL_CONVERSION = YES;
				CLANG_WARN_OBJC_ROOT_CLASS = YES_ERROR;
				CLANG_WARN_QUOTED_INCLUDE_IN_FRAMEWORK_HEADER = YES;
				CLANG_WARN_RANGE_LOOP_ANALYSIS = YES;
				CLANG_WARN_STRICT_PROTOTYPES = YES;
				CLANG_WARN_SUSPICIOUS_MOVE = YES;
				CLANG_WARN_UNGUARDED_AVAILABILITY = YES_AGGRESSIVE;
				CLANG_WARN_UNREACHABLE_CODE = YES;
				CLANG_WARN__DUPLICATE_METHOD_MATCH = YES;
				COPY_PHASE_STRIP = NO;
				DEBUG_INFORMATION_FORMAT = dwarf;
				ENABLE_STRICT_OBJC_MSGSEND = YES;
				ENABLE_TESTABILITY = YES;
				GCC_C_LANGUAGE_STANDARD = gnu11;
				GCC_DYNAMIC_NO_PIC = NO;
				GCC_NO_COMMON_BLOCKS = YES;
				GCC_OPTIMIZATION_LEVEL = 0;
				GCC_PREPROCESSOR_DEFINITIONS = (
					"DEBUG=1",
					"$(inherited)",
				);
				GCC_WARN_64_TO_32_BIT_CONVERSION = YES;
				GCC_WARN_ABOUT_RETURN_TYPE = YES_ERROR;
				GCC_WARN_UNDECLARED_SELECTOR = YES;
				GCC_WARN_UNINITIALIZED_AUTOS = YES_AGGRESSIVE;
				GCC_WARN_UNUSED_FUNCTION = YES;
				GCC_WARN_UNUSED_VARIABLE = YES;
				IPHONEOS_DEPLOYMENT_TARGET = 16.0;
				MTL_ENABLE_DEBUG_INFO = INCLUDE_SOURCE;
				MTL_FAST_MATH = YES;
				ONLY_ACTIVE_ARCH = YES;
				SDKROOT = iphoneos;
				SWIFT_ACTIVE_COMPILATION_CONDITIONS = DEBUG;
				SWIFT_OPTIMIZATION_LEVEL = "-Onone";
			};
			name = Debug;
		};
		86944FD829B989A200201F2E /* Release */ = {
			isa = XCBuildConfiguration;
			buildSettings = {
				ALWAYS_SEARCH_USER_PATHS = NO;
				CLANG_ANALYZER_NONNULL = YES;
				CLANG_ANALYZER_NUMBER_OBJECT_CONVERSION = YES_AGGRESSIVE;
				CLANG_CXX_LANGUAGE_STANDARD = "gnu++20";
				CLANG_ENABLE_MODULES = YES;
				CLANG_ENABLE_OBJC_ARC = YES;
				CLANG_ENABLE_OBJC_WEAK = YES;
				CLANG_WARN_BLOCK_CAPTURE_AUTORELEASING = YES;
				CLANG_WARN_BOOL_CONVERSION = YES;
				CLANG_WARN_COMMA = YES;
				CLANG_WARN_CONSTANT_CONVERSION = YES;
				CLANG_WARN_DEPRECATED_OBJC_IMPLEMENTATIONS = YES;
				CLANG_WARN_DIRECT_OBJC_ISA_USAGE = YES_ERROR;
				CLANG_WARN_DOCUMENTATION_COMMENTS = YES;
				CLANG_WARN_EMPTY_BODY = YES;
				CLANG_WARN_ENUM_CONVERSION = YES;
				CLANG_WARN_INFINITE_RECURSION = YES;
				CLANG_WARN_INT_CONVERSION = YES;
				CLANG_WARN_NON_LITERAL_NULL_CONVERSION = YES;
				CLANG_WARN_OBJC_IMPLICIT_RETAIN_SELF = YES;
				CLANG_WARN_OBJC_LITERAL_CONVERSION = YES;
				CLANG_WARN_OBJC_ROOT_CLASS = YES_ERROR;
				CLANG_WARN_QUOTED_INCLUDE_IN_FRAMEWORK_HEADER = YES;
				CLANG_WARN_RANGE_LOOP_ANALYSIS = YES;
				CLANG_WARN_STRICT_PROTOTYPES = YES;
				CLANG_WARN_SUSPICIOUS_MOVE = YES;
				CLANG_WARN_UNGUARDED_AVAILABILITY = YES_AGGRESSIVE;
				CLANG_WARN_UNREACHABLE_CODE = YES;
				CLANG_WARN__DUPLICATE_METHOD_MATCH = YES;
				COPY_PHASE_STRIP = NO;
				DEBUG_INFORMATION_FORMAT = "dwarf-with-dsym";
				ENABLE_NS_ASSERTIONS = NO;
				ENABLE_STRICT_OBJC_MSGSEND = YES;
				GCC_C_LANGUAGE_STANDARD = gnu11;
				GCC_NO_COMMON_BLOCKS = YES;
				GCC_WARN_64_TO_32_BIT_CONVERSION = YES;
				GCC_WARN_ABOUT_RETURN_TYPE = YES_ERROR;
				GCC_WARN_UNDECLARED_SELECTOR = YES;
				GCC_WARN_UNINITIALIZED_AUTOS = YES_AGGRESSIVE;
				GCC_WARN_UNUSED_FUNCTION = YES;
				GCC_WARN_UNUSED_VARIABLE = YES;
				IPHONEOS_DEPLOYMENT_TARGET = 16.0;
				MTL_ENABLE_DEBUG_INFO = NO;
				MTL_FAST_MATH = YES;
				SDKROOT = iphoneos;
				SWIFT_COMPILATION_MODE = wholemodule;
				SWIFT_OPTIMIZATION_LEVEL = "-O";
				VALIDATE_PRODUCT = YES;
			};
			name = Release;
		};
		86944FDA29B989A200201F2E /* Debug */ = {
			isa = XCBuildConfiguration;
			buildSettings = {
				ASSETCATALOG_COMPILER_APPICON_NAME = AppIcon;
				ASSETCATALOG_COMPILER_GLOBAL_ACCENT_COLOR_NAME = AccentColor;
				CODE_SIGN_STYLE = Automatic;
				CURRENT_PROJECT_VERSION = 1;
				DEVELOPMENT_ASSET_PATHS = "\"Bothaus/Preview Content\"";
				DEVELOPMENT_TEAM = 3L8476246X;
				ENABLE_PREVIEWS = YES;
				GENERATE_INFOPLIST_FILE = YES;
				INFOPLIST_FILE = Bothaus/Info.plist;
				INFOPLIST_KEY_CFBundleDisplayName = Bothaus;
				INFOPLIST_KEY_LSApplicationCategoryType = "public.app-category.entertainment";
				INFOPLIST_KEY_NSMicrophoneUsageDescription = "I need to hear you to understand you";
				INFOPLIST_KEY_NSSpeechRecognitionUsageDescription = "I don't just want to listen, I want to understand";
				INFOPLIST_KEY_UIApplicationSceneManifest_Generation = YES;
				INFOPLIST_KEY_UIApplicationSupportsIndirectInputEvents = YES;
				INFOPLIST_KEY_UILaunchScreen_Generation = YES;
				INFOPLIST_KEY_UISupportedInterfaceOrientations_iPad = "UIInterfaceOrientationPortrait UIInterfaceOrientationPortraitUpsideDown UIInterfaceOrientationLandscapeLeft UIInterfaceOrientationLandscapeRight";
				INFOPLIST_KEY_UISupportedInterfaceOrientations_iPhone = "UIInterfaceOrientationPortrait UIInterfaceOrientationLandscapeLeft UIInterfaceOrientationLandscapeRight";
				LD_RUNPATH_SEARCH_PATHS = (
					"$(inherited)",
					"@executable_path/Frameworks",
				);
				MARKETING_VERSION = 0.2;
				PRODUCT_BUNDLE_IDENTIFIER = co.nothingltd.Bothaus;
				PRODUCT_NAME = "$(TARGET_NAME)";
				SWIFT_EMIT_LOC_STRINGS = YES;
				SWIFT_VERSION = 5.0;
				TARGETED_DEVICE_FAMILY = "1,2";
			};
			name = Debug;
		};
		86944FDB29B989A200201F2E /* Release */ = {
			isa = XCBuildConfiguration;
			buildSettings = {
				ASSETCATALOG_COMPILER_APPICON_NAME = AppIcon;
				ASSETCATALOG_COMPILER_GLOBAL_ACCENT_COLOR_NAME = AccentColor;
				CODE_SIGN_STYLE = Automatic;
				CURRENT_PROJECT_VERSION = 1;
				DEVELOPMENT_ASSET_PATHS = "\"Bothaus/Preview Content\"";
				DEVELOPMENT_TEAM = 3L8476246X;
				ENABLE_PREVIEWS = YES;
				GENERATE_INFOPLIST_FILE = YES;
				INFOPLIST_FILE = Bothaus/Info.plist;
				INFOPLIST_KEY_CFBundleDisplayName = Bothaus;
				INFOPLIST_KEY_LSApplicationCategoryType = "public.app-category.entertainment";
				INFOPLIST_KEY_NSMicrophoneUsageDescription = "I need to hear you to understand you";
				INFOPLIST_KEY_NSSpeechRecognitionUsageDescription = "I don't just want to listen, I want to understand";
				INFOPLIST_KEY_UIApplicationSceneManifest_Generation = YES;
				INFOPLIST_KEY_UIApplicationSupportsIndirectInputEvents = YES;
				INFOPLIST_KEY_UILaunchScreen_Generation = YES;
				INFOPLIST_KEY_UISupportedInterfaceOrientations_iPad = "UIInterfaceOrientationPortrait UIInterfaceOrientationPortraitUpsideDown UIInterfaceOrientationLandscapeLeft UIInterfaceOrientationLandscapeRight";
				INFOPLIST_KEY_UISupportedInterfaceOrientations_iPhone = "UIInterfaceOrientationPortrait UIInterfaceOrientationLandscapeLeft UIInterfaceOrientationLandscapeRight";
				LD_RUNPATH_SEARCH_PATHS = (
					"$(inherited)",
					"@executable_path/Frameworks",
				);
				MARKETING_VERSION = 0.2;
				PRODUCT_BUNDLE_IDENTIFIER = co.nothingltd.Bothaus;
				PRODUCT_NAME = "$(TARGET_NAME)";
				SWIFT_EMIT_LOC_STRINGS = YES;
				SWIFT_VERSION = 5.0;
				TARGETED_DEVICE_FAMILY = "1,2";
			};
			name = Release;
		};
		86944FDD29B989A200201F2E /* Debug */ = {
			isa = XCBuildConfiguration;
			buildSettings = {
				ALWAYS_EMBED_SWIFT_STANDARD_LIBRARIES = YES;
				BUNDLE_LOADER = "$(TEST_HOST)";
				CODE_SIGN_STYLE = Automatic;
				CURRENT_PROJECT_VERSION = 1;
				DEVELOPMENT_TEAM = 3L8476246X;
				GENERATE_INFOPLIST_FILE = YES;
				IPHONEOS_DEPLOYMENT_TARGET = 16.2;
				MARKETING_VERSION = 1.0;
				PRODUCT_BUNDLE_IDENTIFIER = co.nothingltd.BothausTests;
				PRODUCT_NAME = "$(TARGET_NAME)";
				SWIFT_EMIT_LOC_STRINGS = NO;
				SWIFT_VERSION = 5.0;
				TARGETED_DEVICE_FAMILY = "1,2";
				TEST_HOST = "$(BUILT_PRODUCTS_DIR)/Bothaus.app/$(BUNDLE_EXECUTABLE_FOLDER_PATH)/Bothaus";
			};
			name = Debug;
		};
		86944FDE29B989A200201F2E /* Release */ = {
			isa = XCBuildConfiguration;
			buildSettings = {
				ALWAYS_EMBED_SWIFT_STANDARD_LIBRARIES = YES;
				BUNDLE_LOADER = "$(TEST_HOST)";
				CODE_SIGN_STYLE = Automatic;
				CURRENT_PROJECT_VERSION = 1;
				DEVELOPMENT_TEAM = 3L8476246X;
				GENERATE_INFOPLIST_FILE = YES;
				IPHONEOS_DEPLOYMENT_TARGET = 16.2;
				MARKETING_VERSION = 1.0;
				PRODUCT_BUNDLE_IDENTIFIER = co.nothingltd.BothausTests;
				PRODUCT_NAME = "$(TARGET_NAME)";
				SWIFT_EMIT_LOC_STRINGS = NO;
				SWIFT_VERSION = 5.0;
				TARGETED_DEVICE_FAMILY = "1,2";
				TEST_HOST = "$(BUILT_PRODUCTS_DIR)/Bothaus.app/$(BUNDLE_EXECUTABLE_FOLDER_PATH)/Bothaus";
			};
			name = Release;
		};
		86944FE029B989A200201F2E /* Debug */ = {
			isa = XCBuildConfiguration;
			buildSettings = {
				ALWAYS_EMBED_SWIFT_STANDARD_LIBRARIES = YES;
				CODE_SIGN_STYLE = Automatic;
				CURRENT_PROJECT_VERSION = 1;
				DEVELOPMENT_TEAM = 3L8476246X;
				GENERATE_INFOPLIST_FILE = YES;
				MARKETING_VERSION = 1.0;
				PRODUCT_BUNDLE_IDENTIFIER = co.nothingltd.BothausUITests;
				PRODUCT_NAME = "$(TARGET_NAME)";
				SWIFT_EMIT_LOC_STRINGS = NO;
				SWIFT_VERSION = 5.0;
				TARGETED_DEVICE_FAMILY = "1,2";
				TEST_TARGET_NAME = Bothaus;
			};
			name = Debug;
		};
		86944FE129B989A200201F2E /* Release */ = {
			isa = XCBuildConfiguration;
			buildSettings = {
				ALWAYS_EMBED_SWIFT_STANDARD_LIBRARIES = YES;
				CODE_SIGN_STYLE = Automatic;
				CURRENT_PROJECT_VERSION = 1;
				DEVELOPMENT_TEAM = 3L8476246X;
				GENERATE_INFOPLIST_FILE = YES;
				MARKETING_VERSION = 1.0;
				PRODUCT_BUNDLE_IDENTIFIER = co.nothingltd.BothausUITests;
				PRODUCT_NAME = "$(TARGET_NAME)";
				SWIFT_EMIT_LOC_STRINGS = NO;
				SWIFT_VERSION = 5.0;
				TARGETED_DEVICE_FAMILY = "1,2";
				TEST_TARGET_NAME = Bothaus;
			};
			name = Release;
		};
/* End XCBuildConfiguration section */

/* Begin XCConfigurationList section */
		86944FB029B989A100201F2E /* Build configuration list for PBXProject "Bothaus" */ = {
			isa = XCConfigurationList;
			buildConfigurations = (
				86944FD729B989A200201F2E /* Debug */,
				86944FD829B989A200201F2E /* Release */,
			);
			defaultConfigurationIsVisible = 0;
			defaultConfigurationName = Release;
		};
		86944FD929B989A200201F2E /* Build configuration list for PBXNativeTarget "Bothaus" */ = {
			isa = XCConfigurationList;
			buildConfigurations = (
				86944FDA29B989A200201F2E /* Debug */,
				86944FDB29B989A200201F2E /* Release */,
			);
			defaultConfigurationIsVisible = 0;
			defaultConfigurationName = Release;
		};
		86944FDC29B989A200201F2E /* Build configuration list for PBXNativeTarget "BothausTests" */ = {
			isa = XCConfigurationList;
			buildConfigurations = (
				86944FDD29B989A200201F2E /* Debug */,
				86944FDE29B989A200201F2E /* Release */,
			);
			defaultConfigurationIsVisible = 0;
			defaultConfigurationName = Release;
		};
		86944FDF29B989A200201F2E /* Build configuration list for PBXNativeTarget "BothausUITests" */ = {
			isa = XCConfigurationList;
			buildConfigurations = (
				86944FE029B989A200201F2E /* Debug */,
				86944FE129B989A200201F2E /* Release */,
			);
			defaultConfigurationIsVisible = 0;
			defaultConfigurationName = Release;
		};
/* End XCConfigurationList section */

/* Begin XCRemoteSwiftPackageReference section */
		86BDFE252A1270DA00D8584C /* XCRemoteSwiftPackageReference "firebase-ios-sdk" */ = {
			isa = XCRemoteSwiftPackageReference;
			repositoryURL = "https://github.com/firebase/firebase-ios-sdk";
			requirement = {
				kind = upToNextMajorVersion;
				minimumVersion = 10.0.0;
			};
		};
		86DB0BBE2A21B2DA00289A4C /* XCRemoteSwiftPackageReference "Alamofire" */ = {
			isa = XCRemoteSwiftPackageReference;
			repositoryURL = "https://github.com/Alamofire/Alamofire.git";
			requirement = {
				kind = upToNextMajorVersion;
				minimumVersion = 5.0.0;
			};
		};
/* End XCRemoteSwiftPackageReference section */

/* Begin XCSwiftPackageProductDependency section */
		86BDFE262A1270DA00D8584C /* FirebaseAnalytics */ = {
			isa = XCSwiftPackageProductDependency;
			package = 86BDFE252A1270DA00D8584C /* XCRemoteSwiftPackageReference "firebase-ios-sdk" */;
			productName = FirebaseAnalytics;
		};
		86BDFE282A1270DA00D8584C /* FirebaseAnalyticsSwift */ = {
			isa = XCSwiftPackageProductDependency;
			package = 86BDFE252A1270DA00D8584C /* XCRemoteSwiftPackageReference "firebase-ios-sdk" */;
			productName = FirebaseAnalyticsSwift;
		};
		86BDFE2A2A1270DA00D8584C /* FirebaseCrashlytics */ = {
			isa = XCSwiftPackageProductDependency;
			package = 86BDFE252A1270DA00D8584C /* XCRemoteSwiftPackageReference "firebase-ios-sdk" */;
			productName = FirebaseCrashlytics;
		};
		86BDFE2C2A1270DA00D8584C /* FirebasePerformance */ = {
			isa = XCSwiftPackageProductDependency;
			package = 86BDFE252A1270DA00D8584C /* XCRemoteSwiftPackageReference "firebase-ios-sdk" */;
			productName = FirebasePerformance;
		};
		86DB0BBF2A21B2DA00289A4C /* Alamofire */ = {
			isa = XCSwiftPackageProductDependency;
			package = 86DB0BBE2A21B2DA00289A4C /* XCRemoteSwiftPackageReference "Alamofire" */;
			productName = Alamofire;
		};
/* End XCSwiftPackageProductDependency section */

/* Begin XCVersionGroup section */
		86E80D7C29BD68C300C2BEBA /* Bothaus.xcdatamodeld */ = {
			isa = XCVersionGroup;
			children = (
				867B9E4829C4AF350076AC8E /* Bothaus 2.xcdatamodel */,
				86E80D7D29BD68C300C2BEBA /* Bothaus.xcdatamodel */,
			);
			currentVersion = 867B9E4829C4AF350076AC8E /* Bothaus 2.xcdatamodel */;
			path = Bothaus.xcdatamodeld;
			sourceTree = "<group>";
			versionGroupType = wrapper.xcdatamodel;
		};
/* End XCVersionGroup section */
	};
	rootObject = 86944FAD29B989A100201F2E /* Project object */;
}
